
Microsoft Visual Studio Solution File, Format Version 12.00
# Visual Studio Version 17
VisualStudioVersion = 17.3.32929.385
MinimumVisualStudioVersion = 10.0.40219.1
Project("{2150E333-8FDC-42A3-9474-1A3956D46DE8}") = "Services", "Services", "{5DB83572-6DDD-4B74-A338-4711FFF43E9F}"
EndProject
Project("{2150E333-8FDC-42A3-9474-1A3956D46DE8}") = "Aggregator", "Aggregator", "{72740FED-F70B-4C38-B3AA-13D97984035A}"
EndProject
Project("{9A19103F-16F7-4668-BE54-9A1E7A4F7556}") = "HardwareHero.Services.Shared", "Services\HardwareHero.Services.Shared\HardwareHero.Services.Shared.csproj", "{A49597DB-561D-46E6-A215-FF666A5A0FFF}"
EndProject
Project("{2150E333-8FDC-42A3-9474-1A3956D46DE8}") = "Contributor", "Contributor", "{522919DA-AF76-4D76-B06B-5F9821931A19}"
EndProject
Project("{2150E333-8FDC-42A3-9474-1A3956D46DE8}") = "Identity", "Identity", "{FFEEF48E-40B4-42EB-B6E5-988FCCA35921}"
EndProject
Project("{9A19103F-16F7-4668-BE54-9A1E7A4F7556}") = "Aggregator.DataAccess", "Services\Aggregator\Aggregator.DataAccess\Aggregator.DataAccess.csproj", "{310C1152-0997-4CEF-9348-498C396BE9D3}"
	ProjectSection(ProjectDependencies) = postProject
		{A49597DB-561D-46E6-A215-FF666A5A0FFF} = {A49597DB-561D-46E6-A215-FF666A5A0FFF}
	EndProjectSection
EndProject
Project("{9A19103F-16F7-4668-BE54-9A1E7A4F7556}") = "Aggregator.Api", "Services\Aggregator\Aggregator.Api\Aggregator.Api.csproj", "{1DF4D34B-2389-435E-BB04-F8C21235F985}"
EndProject
Project("{9A19103F-16F7-4668-BE54-9A1E7A4F7556}") = "Aggregator.BusinessLogic", "Services\Aggregator\Aggregator.BusinessLogic\Aggregator.BusinessLogic.csproj", "{E3426F51-33A1-4DD8-B016-76788EAB52B4}"
EndProject
Project("{9A19103F-16F7-4668-BE54-9A1E7A4F7556}") = "UserManagement.Api", "Services\Identity\UserManagement.Api\UserManagement.Api.csproj", "{83CBD5FD-8D4B-4C12-B99C-C5D6DEAB4A3F}"
EndProject
Project("{9A19103F-16F7-4668-BE54-9A1E7A4F7556}") = "Contributor.DataAccess", "Services\Contributor\Contributor.DataAccess\Contributor.DataAccess.csproj", "{A109A505-239C-4846-9A89-BC3FD8C0D441}"
EndProject
Project("{9A19103F-16F7-4668-BE54-9A1E7A4F7556}") = "Contributor.BusinessLogic", "Services\Contributor\Contributor.BusinessLogic\Contributor.BusinessLogic.csproj", "{50D65A8B-0E66-4288-8162-60F85E140B7C}"
EndProject
Project("{9A19103F-16F7-4668-BE54-9A1E7A4F7556}") = "Contributor.Api", "Services\Contributor\Contributor.Api\Contributor.Api.csproj", "{A51C98F0-32EF-4CF9-A13F-DE6587D8212A}"
EndProject
Project("{2150E333-8FDC-42A3-9474-1A3956D46DE8}") = "Configurator", "Configurator", "{B08E54FF-0414-4A92-8245-3308B534E0A7}"
EndProject
Project("{9A19103F-16F7-4668-BE54-9A1E7A4F7556}") = "Configurator.BusinessLogic", "Services\Configurator\Configurator.BusinessLogic\Configurator.BusinessLogic.csproj", "{2A198CFC-CD13-4CD2-BB31-558C086A60A3}"
EndProject
Project("{9A19103F-16F7-4668-BE54-9A1E7A4F7556}") = "Configurator.Api", "Services\Configurator\Configurator.Api\Configurator.Api.csproj", "{D66A8481-938D-44CD-8EAA-13B93CB23BF8}"
EndProject
Project("{E53339B2-1760-4266-BCC7-CA923CBCF16C}") = "docker-compose", "docker-compose.dcproj", "{06243310-F852-45A7-8160-00BE881B3030}"
EndProject
Project("{2150E333-8FDC-42A3-9474-1A3956D46DE8}") = "ApiGateway", "ApiGateway", "{5EBE71DF-F571-4D87-9A88-F242FF3ACFF0}"
EndProject
Project("{9A19103F-16F7-4668-BE54-9A1E7A4F7556}") = "ApiGateway.Ocelot", "ApiGateway\ApiGateway.Ocelot\ApiGateway.Ocelot.csproj", "{50F539F4-F5B5-461B-B963-19467F53B25A}"
EndProject
Project("{2150E333-8FDC-42A3-9474-1A3956D46DE8}") = "Mail", "Mail", "{4509CA0C-E2CF-42AB-882E-CEB5A8F366B4}"
EndProject
Project("{2150E333-8FDC-42A3-9474-1A3956D46DE8}") = "Prices", "Prices", "{5FE2FF60-6312-44A2-9B2E-FFA9A138310F}"
EndProject
Project("{9A19103F-16F7-4668-BE54-9A1E7A4F7556}") = "Prices.Api", "Services\Prices\Prices.Api\Prices.Api.csproj", "{F7B8B3D8-BB42-489D-AA5D-97848394AD37}"
EndProject
Project("{9A19103F-16F7-4668-BE54-9A1E7A4F7556}") = "Prices.BusinessLogic", "Services\Prices\Prices.BusinessLogic\Prices.BusinessLogic.csproj", "{0EE103D6-ACBE-46E5-9E76-5EB721188512}"
EndProject
Project("{9A19103F-16F7-4668-BE54-9A1E7A4F7556}") = "Mail.Api", "Services\Mail\Mail.Api\Mail.Api.csproj", "{E5F098DE-6959-4D45-B0A4-353E3BDD9486}"
EndProject
Project("{9A19103F-16F7-4668-BE54-9A1E7A4F7556}") = "Mail.BusinessLogic", "Services\Mail\Mail.BusinessLogic\Mail.BusinessLogic.csproj", "{F1DA69A5-8DAD-4CCE-8D5D-30D93649B838}"
EndProject
Project("{9A19103F-16F7-4668-BE54-9A1E7A4F7556}") = "IdentityServer", "Services\Identity\IdentityServer\IdentityServer.csproj", "{C1C5549C-1275-4787-9CD6-CC510466D9EE}"
EndProject
Project("{9A19103F-16F7-4668-BE54-9A1E7A4F7556}") = "Aggregator.Tests", "Services\Aggregator\Aggregator.Tests\Aggregator.Tests.csproj", "{71F27994-8AA6-48EF-9F2E-F874E926A45D}"
EndProject
Project("{9A19103F-16F7-4668-BE54-9A1E7A4F7556}") = "Configurator.Tests", "Services\Configurator\Configurator.Tests\Configurator.Tests.csproj", "{76CAB4CB-C5C9-4542-8BF0-DE8C19C294B2}"
EndProject
Project("{9A19103F-16F7-4668-BE54-9A1E7A4F7556}") = "Contributor.Tests", "Services\Contributor\Contributor.Tests\Contributor.Tests.csproj", "{A52ADAC3-8494-4DA3-9AE3-68921B157C8E}"
EndProject
Project("{9A19103F-16F7-4668-BE54-9A1E7A4F7556}") = "Mail.Tests", "Services\Mail\Mail.Tests\Mail.Tests.csproj", "{E2401498-BFDC-4D70-B7EB-B4E9C1A1547B}"
EndProject
Project("{9A19103F-16F7-4668-BE54-9A1E7A4F7556}") = "Prices.Tests", "Services\Prices\Prices.Tests\Prices.Tests.csproj", "{94705971-5AA6-444B-8BDE-4FDF9D3D0BC4}"
EndProject
Project("{2150E333-8FDC-42A3-9474-1A3956D46DE8}") = "EventBus", "EventBus", "{F888CA68-1D5D-4942-B720-F8F0B8624E9C}"
EndProject
Project("{9A19103F-16F7-4668-BE54-9A1E7A4F7556}") = "EventBus.Abstract", "EventBus\EventBus.Abstract\EventBus.Abstract.csproj", "{FDB59CF1-5550-4998-AB6C-D447BF0BCFB1}"
EndProject
Project("{9A19103F-16F7-4668-BE54-9A1E7A4F7556}") = "EventBus.RabbitMQ", "EventBus\EventBus.RabbitMQ\EventBus.RabbitMQ.csproj", "{911C7BC0-6DAF-4594-9713-0CDF526FC351}"
EndProject
Global
	GlobalSection(SolutionConfigurationPlatforms) = preSolution
		Debug|Any CPU = Debug|Any CPU
		Release|Any CPU = Release|Any CPU
	EndGlobalSection
	GlobalSection(ProjectConfigurationPlatforms) = postSolution
		{A49597DB-561D-46E6-A215-FF666A5A0FFF}.Debug|Any CPU.ActiveCfg = Debug|Any CPU
		{A49597DB-561D-46E6-A215-FF666A5A0FFF}.Debug|Any CPU.Build.0 = Debug|Any CPU
		{A49597DB-561D-46E6-A215-FF666A5A0FFF}.Release|Any CPU.ActiveCfg = Release|Any CPU
		{A49597DB-561D-46E6-A215-FF666A5A0FFF}.Release|Any CPU.Build.0 = Release|Any CPU
		{310C1152-0997-4CEF-9348-498C396BE9D3}.Debug|Any CPU.ActiveCfg = Debug|Any CPU
		{310C1152-0997-4CEF-9348-498C396BE9D3}.Debug|Any CPU.Build.0 = Debug|Any CPU
		{310C1152-0997-4CEF-9348-498C396BE9D3}.Release|Any CPU.ActiveCfg = Release|Any CPU
		{310C1152-0997-4CEF-9348-498C396BE9D3}.Release|Any CPU.Build.0 = Release|Any CPU
		{1DF4D34B-2389-435E-BB04-F8C21235F985}.Debug|Any CPU.ActiveCfg = Debug|Any CPU
		{1DF4D34B-2389-435E-BB04-F8C21235F985}.Debug|Any CPU.Build.0 = Debug|Any CPU
		{1DF4D34B-2389-435E-BB04-F8C21235F985}.Release|Any CPU.ActiveCfg = Release|Any CPU
		{1DF4D34B-2389-435E-BB04-F8C21235F985}.Release|Any CPU.Build.0 = Release|Any CPU
		{E3426F51-33A1-4DD8-B016-76788EAB52B4}.Debug|Any CPU.ActiveCfg = Debug|Any CPU
		{E3426F51-33A1-4DD8-B016-76788EAB52B4}.Debug|Any CPU.Build.0 = Debug|Any CPU
		{E3426F51-33A1-4DD8-B016-76788EAB52B4}.Release|Any CPU.ActiveCfg = Release|Any CPU
		{E3426F51-33A1-4DD8-B016-76788EAB52B4}.Release|Any CPU.Build.0 = Release|Any CPU
		{83CBD5FD-8D4B-4C12-B99C-C5D6DEAB4A3F}.Debug|Any CPU.ActiveCfg = Debug|Any CPU
		{83CBD5FD-8D4B-4C12-B99C-C5D6DEAB4A3F}.Debug|Any CPU.Build.0 = Debug|Any CPU
		{83CBD5FD-8D4B-4C12-B99C-C5D6DEAB4A3F}.Release|Any CPU.ActiveCfg = Release|Any CPU
		{83CBD5FD-8D4B-4C12-B99C-C5D6DEAB4A3F}.Release|Any CPU.Build.0 = Release|Any CPU
		{A109A505-239C-4846-9A89-BC3FD8C0D441}.Debug|Any CPU.ActiveCfg = Debug|Any CPU
		{A109A505-239C-4846-9A89-BC3FD8C0D441}.Debug|Any CPU.Build.0 = Debug|Any CPU
		{A109A505-239C-4846-9A89-BC3FD8C0D441}.Release|Any CPU.ActiveCfg = Release|Any CPU
		{A109A505-239C-4846-9A89-BC3FD8C0D441}.Release|Any CPU.Build.0 = Release|Any CPU
		{50D65A8B-0E66-4288-8162-60F85E140B7C}.Debug|Any CPU.ActiveCfg = Debug|Any CPU
		{50D65A8B-0E66-4288-8162-60F85E140B7C}.Debug|Any CPU.Build.0 = Debug|Any CPU
		{50D65A8B-0E66-4288-8162-60F85E140B7C}.Release|Any CPU.ActiveCfg = Release|Any CPU
		{50D65A8B-0E66-4288-8162-60F85E140B7C}.Release|Any CPU.Build.0 = Release|Any CPU
		{A51C98F0-32EF-4CF9-A13F-DE6587D8212A}.Debug|Any CPU.ActiveCfg = Debug|Any CPU
		{A51C98F0-32EF-4CF9-A13F-DE6587D8212A}.Debug|Any CPU.Build.0 = Debug|Any CPU
		{A51C98F0-32EF-4CF9-A13F-DE6587D8212A}.Release|Any CPU.ActiveCfg = Release|Any CPU
		{A51C98F0-32EF-4CF9-A13F-DE6587D8212A}.Release|Any CPU.Build.0 = Release|Any CPU
		{2A198CFC-CD13-4CD2-BB31-558C086A60A3}.Debug|Any CPU.ActiveCfg = Debug|Any CPU
		{2A198CFC-CD13-4CD2-BB31-558C086A60A3}.Debug|Any CPU.Build.0 = Debug|Any CPU
		{2A198CFC-CD13-4CD2-BB31-558C086A60A3}.Release|Any CPU.ActiveCfg = Release|Any CPU
		{2A198CFC-CD13-4CD2-BB31-558C086A60A3}.Release|Any CPU.Build.0 = Release|Any CPU
		{D66A8481-938D-44CD-8EAA-13B93CB23BF8}.Debug|Any CPU.ActiveCfg = Debug|Any CPU
		{D66A8481-938D-44CD-8EAA-13B93CB23BF8}.Debug|Any CPU.Build.0 = Debug|Any CPU
		{D66A8481-938D-44CD-8EAA-13B93CB23BF8}.Release|Any CPU.ActiveCfg = Release|Any CPU
		{D66A8481-938D-44CD-8EAA-13B93CB23BF8}.Release|Any CPU.Build.0 = Release|Any CPU
		{06243310-F852-45A7-8160-00BE881B3030}.Debug|Any CPU.ActiveCfg = Debug|Any CPU
		{06243310-F852-45A7-8160-00BE881B3030}.Debug|Any CPU.Build.0 = Debug|Any CPU
		{06243310-F852-45A7-8160-00BE881B3030}.Release|Any CPU.ActiveCfg = Release|Any CPU
		{06243310-F852-45A7-8160-00BE881B3030}.Release|Any CPU.Build.0 = Release|Any CPU
		{50F539F4-F5B5-461B-B963-19467F53B25A}.Debug|Any CPU.ActiveCfg = Debug|Any CPU
		{50F539F4-F5B5-461B-B963-19467F53B25A}.Debug|Any CPU.Build.0 = Debug|Any CPU
		{50F539F4-F5B5-461B-B963-19467F53B25A}.Release|Any CPU.ActiveCfg = Release|Any CPU
		{50F539F4-F5B5-461B-B963-19467F53B25A}.Release|Any CPU.Build.0 = Release|Any CPU
		{F7B8B3D8-BB42-489D-AA5D-97848394AD37}.Debug|Any CPU.ActiveCfg = Debug|Any CPU
		{F7B8B3D8-BB42-489D-AA5D-97848394AD37}.Debug|Any CPU.Build.0 = Debug|Any CPU
		{F7B8B3D8-BB42-489D-AA5D-97848394AD37}.Release|Any CPU.ActiveCfg = Release|Any CPU
		{F7B8B3D8-BB42-489D-AA5D-97848394AD37}.Release|Any CPU.Build.0 = Release|Any CPU
		{0EE103D6-ACBE-46E5-9E76-5EB721188512}.Debug|Any CPU.ActiveCfg = Debug|Any CPU
		{0EE103D6-ACBE-46E5-9E76-5EB721188512}.Debug|Any CPU.Build.0 = Debug|Any CPU
		{0EE103D6-ACBE-46E5-9E76-5EB721188512}.Release|Any CPU.ActiveCfg = Release|Any CPU
		{0EE103D6-ACBE-46E5-9E76-5EB721188512}.Release|Any CPU.Build.0 = Release|Any CPU
		{E5F098DE-6959-4D45-B0A4-353E3BDD9486}.Debug|Any CPU.ActiveCfg = Debug|Any CPU
		{E5F098DE-6959-4D45-B0A4-353E3BDD9486}.Debug|Any CPU.Build.0 = Debug|Any CPU
		{E5F098DE-6959-4D45-B0A4-353E3BDD9486}.Release|Any CPU.ActiveCfg = Release|Any CPU
		{E5F098DE-6959-4D45-B0A4-353E3BDD9486}.Release|Any CPU.Build.0 = Release|Any CPU
		{F1DA69A5-8DAD-4CCE-8D5D-30D93649B838}.Debug|Any CPU.ActiveCfg = Debug|Any CPU
		{F1DA69A5-8DAD-4CCE-8D5D-30D93649B838}.Debug|Any CPU.Build.0 = Debug|Any CPU
		{F1DA69A5-8DAD-4CCE-8D5D-30D93649B838}.Release|Any CPU.ActiveCfg = Release|Any CPU
		{F1DA69A5-8DAD-4CCE-8D5D-30D93649B838}.Release|Any CPU.Build.0 = Release|Any CPU
		{C1C5549C-1275-4787-9CD6-CC510466D9EE}.Debug|Any CPU.ActiveCfg = Debug|Any CPU
		{C1C5549C-1275-4787-9CD6-CC510466D9EE}.Debug|Any CPU.Build.0 = Debug|Any CPU
		{C1C5549C-1275-4787-9CD6-CC510466D9EE}.Release|Any CPU.ActiveCfg = Release|Any CPU
		{C1C5549C-1275-4787-9CD6-CC510466D9EE}.Release|Any CPU.Build.0 = Release|Any CPU
		{71F27994-8AA6-48EF-9F2E-F874E926A45D}.Debug|Any CPU.ActiveCfg = Debug|Any CPU
		{71F27994-8AA6-48EF-9F2E-F874E926A45D}.Debug|Any CPU.Build.0 = Debug|Any CPU
		{71F27994-8AA6-48EF-9F2E-F874E926A45D}.Release|Any CPU.ActiveCfg = Release|Any CPU
		{71F27994-8AA6-48EF-9F2E-F874E926A45D}.Release|Any CPU.Build.0 = Release|Any CPU
		{76CAB4CB-C5C9-4542-8BF0-DE8C19C294B2}.Debug|Any CPU.ActiveCfg = Debug|Any CPU
		{76CAB4CB-C5C9-4542-8BF0-DE8C19C294B2}.Debug|Any CPU.Build.0 = Debug|Any CPU
		{76CAB4CB-C5C9-4542-8BF0-DE8C19C294B2}.Release|Any CPU.ActiveCfg = Release|Any CPU
		{76CAB4CB-C5C9-4542-8BF0-DE8C19C294B2}.Release|Any CPU.Build.0 = Release|Any CPU
		{A52ADAC3-8494-4DA3-9AE3-68921B157C8E}.Debug|Any CPU.ActiveCfg = Debug|Any CPU
		{A52ADAC3-8494-4DA3-9AE3-68921B157C8E}.Debug|Any CPU.Build.0 = Debug|Any CPU
		{A52ADAC3-8494-4DA3-9AE3-68921B157C8E}.Release|Any CPU.ActiveCfg = Release|Any CPU
		{A52ADAC3-8494-4DA3-9AE3-68921B157C8E}.Release|Any CPU.Build.0 = Release|Any CPU
		{E2401498-BFDC-4D70-B7EB-B4E9C1A1547B}.Debug|Any CPU.ActiveCfg = Debug|Any CPU
		{E2401498-BFDC-4D70-B7EB-B4E9C1A1547B}.Debug|Any CPU.Build.0 = Debug|Any CPU
		{E2401498-BFDC-4D70-B7EB-B4E9C1A1547B}.Release|Any CPU.ActiveCfg = Release|Any CPU
		{E2401498-BFDC-4D70-B7EB-B4E9C1A1547B}.Release|Any CPU.Build.0 = Release|Any CPU
		{94705971-5AA6-444B-8BDE-4FDF9D3D0BC4}.Debug|Any CPU.ActiveCfg = Debug|Any CPU
		{94705971-5AA6-444B-8BDE-4FDF9D3D0BC4}.Debug|Any CPU.Build.0 = Debug|Any CPU
		{94705971-5AA6-444B-8BDE-4FDF9D3D0BC4}.Release|Any CPU.ActiveCfg = Release|Any CPU
		{94705971-5AA6-444B-8BDE-4FDF9D3D0BC4}.Release|Any CPU.Build.0 = Release|Any CPU
		{FDB59CF1-5550-4998-AB6C-D447BF0BCFB1}.Debug|Any CPU.ActiveCfg = Debug|Any CPU
		{FDB59CF1-5550-4998-AB6C-D447BF0BCFB1}.Debug|Any CPU.Build.0 = Debug|Any CPU
		{FDB59CF1-5550-4998-AB6C-D447BF0BCFB1}.Release|Any CPU.ActiveCfg = Release|Any CPU
		{FDB59CF1-5550-4998-AB6C-D447BF0BCFB1}.Release|Any CPU.Build.0 = Release|Any CPU
		{911C7BC0-6DAF-4594-9713-0CDF526FC351}.Debug|Any CPU.ActiveCfg = Debug|Any CPU
		{911C7BC0-6DAF-4594-9713-0CDF526FC351}.Debug|Any CPU.Build.0 = Debug|Any CPU
		{911C7BC0-6DAF-4594-9713-0CDF526FC351}.Release|Any CPU.ActiveCfg = Release|Any CPU
		{911C7BC0-6DAF-4594-9713-0CDF526FC351}.Release|Any CPU.Build.0 = Release|Any CPU
	EndGlobalSection
	GlobalSection(SolutionProperties) = preSolution
		HideSolutionNode = FALSE
	EndGlobalSection
	GlobalSection(NestedProjects) = preSolution
		{72740FED-F70B-4C38-B3AA-13D97984035A} = {5DB83572-6DDD-4B74-A338-4711FFF43E9F}
		{A49597DB-561D-46E6-A215-FF666A5A0FFF} = {5DB83572-6DDD-4B74-A338-4711FFF43E9F}
		{522919DA-AF76-4D76-B06B-5F9821931A19} = {5DB83572-6DDD-4B74-A338-4711FFF43E9F}
		{FFEEF48E-40B4-42EB-B6E5-988FCCA35921} = {5DB83572-6DDD-4B74-A338-4711FFF43E9F}
		{310C1152-0997-4CEF-9348-498C396BE9D3} = {72740FED-F70B-4C38-B3AA-13D97984035A}
		{1DF4D34B-2389-435E-BB04-F8C21235F985} = {72740FED-F70B-4C38-B3AA-13D97984035A}
		{E3426F51-33A1-4DD8-B016-76788EAB52B4} = {72740FED-F70B-4C38-B3AA-13D97984035A}
		{83CBD5FD-8D4B-4C12-B99C-C5D6DEAB4A3F} = {FFEEF48E-40B4-42EB-B6E5-988FCCA35921}
		{A109A505-239C-4846-9A89-BC3FD8C0D441} = {522919DA-AF76-4D76-B06B-5F9821931A19}
		{50D65A8B-0E66-4288-8162-60F85E140B7C} = {522919DA-AF76-4D76-B06B-5F9821931A19}
		{A51C98F0-32EF-4CF9-A13F-DE6587D8212A} = {522919DA-AF76-4D76-B06B-5F9821931A19}
		{B08E54FF-0414-4A92-8245-3308B534E0A7} = {5DB83572-6DDD-4B74-A338-4711FFF43E9F}
		{2A198CFC-CD13-4CD2-BB31-558C086A60A3} = {B08E54FF-0414-4A92-8245-3308B534E0A7}
		{D66A8481-938D-44CD-8EAA-13B93CB23BF8} = {B08E54FF-0414-4A92-8245-3308B534E0A7}
		{50F539F4-F5B5-461B-B963-19467F53B25A} = {5EBE71DF-F571-4D87-9A88-F242FF3ACFF0}
		{4509CA0C-E2CF-42AB-882E-CEB5A8F366B4} = {5DB83572-6DDD-4B74-A338-4711FFF43E9F}
		{5FE2FF60-6312-44A2-9B2E-FFA9A138310F} = {5DB83572-6DDD-4B74-A338-4711FFF43E9F}
		{F7B8B3D8-BB42-489D-AA5D-97848394AD37} = {5FE2FF60-6312-44A2-9B2E-FFA9A138310F}
		{0EE103D6-ACBE-46E5-9E76-5EB721188512} = {5FE2FF60-6312-44A2-9B2E-FFA9A138310F}
		{E5F098DE-6959-4D45-B0A4-353E3BDD9486} = {4509CA0C-E2CF-42AB-882E-CEB5A8F366B4}
		{F1DA69A5-8DAD-4CCE-8D5D-30D93649B838} = {4509CA0C-E2CF-42AB-882E-CEB5A8F366B4}
		{C1C5549C-1275-4787-9CD6-CC510466D9EE} = {FFEEF48E-40B4-42EB-B6E5-988FCCA35921}
		{71F27994-8AA6-48EF-9F2E-F874E926A45D} = {72740FED-F70B-4C38-B3AA-13D97984035A}
		{76CAB4CB-C5C9-4542-8BF0-DE8C19C294B2} = {B08E54FF-0414-4A92-8245-3308B534E0A7}
		{A52ADAC3-8494-4DA3-9AE3-68921B157C8E} = {522919DA-AF76-4D76-B06B-5F9821931A19}
		{E2401498-BFDC-4D70-B7EB-B4E9C1A1547B} = {4509CA0C-E2CF-42AB-882E-CEB5A8F366B4}
		{94705971-5AA6-444B-8BDE-4FDF9D3D0BC4} = {5FE2FF60-6312-44A2-9B2E-FFA9A138310F}
		{FDB59CF1-5550-4998-AB6C-D447BF0BCFB1} = {F888CA68-1D5D-4942-B720-F8F0B8624E9C}
		{911C7BC0-6DAF-4594-9713-0CDF526FC351} = {F888CA68-1D5D-4942-B720-F8F0B8624E9C}
	EndGlobalSection
	GlobalSection(ExtensibilityGlobals) = postSolution
		SolutionGuid = {A91C9261-8774-4C8D-A9AB-7E5C97CD9804}
	EndGlobalSection
EndGlobal
