
Microsoft Visual Studio Solution File, Format Version 12.00
# Visual Studio Version 17
VisualStudioVersion = 17.3.32929.385
MinimumVisualStudioVersion = 10.0.40219.1
Project("{2150E333-8FDC-42A3-9474-1A3956D46DE8}") = "Services", "Services", "{5DB83572-6DDD-4B74-A338-4711FFF43E9F}"
EndProject
Project("{2150E333-8FDC-42A3-9474-1A3956D46DE8}") = "Aggregator", "Aggregator", "{72740FED-F70B-4C38-B3AA-13D97984035A}"
EndProject
Project("{9A19103F-16F7-4668-BE54-9A1E7A4F7556}") = "HardwareHero.Services.Shared", "Services\HardwareHero.Services.Shared\HardwareHero.Services.Shared.csproj", "{A49597DB-561D-46E6-A215-FF666A5A0FFF}"
EndProject
Project("{2150E333-8FDC-42A3-9474-1A3956D46DE8}") = "Contributor", "Contributor", "{522919DA-AF76-4D76-B06B-5F9821931A19}"
EndProject
Project("{2150E333-8FDC-42A3-9474-1A3956D46DE8}") = "Identity", "Identity", "{FFEEF48E-40B4-42EB-B6E5-988FCCA35921}"
EndProject
Project("{FAE04EC0-301F-11D3-BF4B-00C04F79EFBC}") = "IdentityServer", "Services\Identity\IdentityServer\IdentityServer.csproj", "{D8655188-91A8-4065-B02F-7461FD41A55A}"
EndProject
Project("{9A19103F-16F7-4668-BE54-9A1E7A4F7556}") = "Aggregator.Models", "Services\Aggregator\Aggregator.Models\Aggregator.Models.csproj", "{91ECA2DB-FD0F-4D02-A252-E254A72D41B1}"
EndProject
Project("{9A19103F-16F7-4668-BE54-9A1E7A4F7556}") = "Aggregator.DataAccess", "Services\Aggregator\Aggregator.DataAccess\Aggregator.DataAccess.csproj", "{310C1152-0997-4CEF-9348-498C396BE9D3}"
	ProjectSection(ProjectDependencies) = postProject
		{91ECA2DB-FD0F-4D02-A252-E254A72D41B1} = {91ECA2DB-FD0F-4D02-A252-E254A72D41B1}
		{A49597DB-561D-46E6-A215-FF666A5A0FFF} = {A49597DB-561D-46E6-A215-FF666A5A0FFF}
	EndProjectSection
EndProject
Project("{9A19103F-16F7-4668-BE54-9A1E7A4F7556}") = "Aggregator.Api", "Services\Aggregator\Aggregator.Api\Aggregator.Api.csproj", "{1DF4D34B-2389-435E-BB04-F8C21235F985}"
EndProject
Project("{9A19103F-16F7-4668-BE54-9A1E7A4F7556}") = "Aggregator.BusinessLogic", "Services\Aggregator\Aggregator.BusinessLogic\Aggregator.BusinessLogic.csproj", "{E3426F51-33A1-4DD8-B016-76788EAB52B4}"
EndProject
Global
	GlobalSection(SolutionConfigurationPlatforms) = preSolution
		Debug|Any CPU = Debug|Any CPU
		Release|Any CPU = Release|Any CPU
	EndGlobalSection
	GlobalSection(ProjectConfigurationPlatforms) = postSolution
		{A49597DB-561D-46E6-A215-FF666A5A0FFF}.Debug|Any CPU.ActiveCfg = Debug|Any CPU
		{A49597DB-561D-46E6-A215-FF666A5A0FFF}.Debug|Any CPU.Build.0 = Debug|Any CPU
		{A49597DB-561D-46E6-A215-FF666A5A0FFF}.Release|Any CPU.ActiveCfg = Release|Any CPU
		{A49597DB-561D-46E6-A215-FF666A5A0FFF}.Release|Any CPU.Build.0 = Release|Any CPU
		{D8655188-91A8-4065-B02F-7461FD41A55A}.Debug|Any CPU.ActiveCfg = Debug|Any CPU
		{D8655188-91A8-4065-B02F-7461FD41A55A}.Debug|Any CPU.Build.0 = Debug|Any CPU
		{D8655188-91A8-4065-B02F-7461FD41A55A}.Release|Any CPU.ActiveCfg = Release|Any CPU
		{D8655188-91A8-4065-B02F-7461FD41A55A}.Release|Any CPU.Build.0 = Release|Any CPU
		{91ECA2DB-FD0F-4D02-A252-E254A72D41B1}.Debug|Any CPU.ActiveCfg = Debug|Any CPU
		{91ECA2DB-FD0F-4D02-A252-E254A72D41B1}.Debug|Any CPU.Build.0 = Debug|Any CPU
		{91ECA2DB-FD0F-4D02-A252-E254A72D41B1}.Release|Any CPU.ActiveCfg = Release|Any CPU
		{91ECA2DB-FD0F-4D02-A252-E254A72D41B1}.Release|Any CPU.Build.0 = Release|Any CPU
		{310C1152-0997-4CEF-9348-498C396BE9D3}.Debug|Any CPU.ActiveCfg = Debug|Any CPU
		{310C1152-0997-4CEF-9348-498C396BE9D3}.Debug|Any CPU.Build.0 = Debug|Any CPU
		{310C1152-0997-4CEF-9348-498C396BE9D3}.Release|Any CPU.ActiveCfg = Release|Any CPU
		{310C1152-0997-4CEF-9348-498C396BE9D3}.Release|Any CPU.Build.0 = Release|Any CPU
		{1DF4D34B-2389-435E-BB04-F8C21235F985}.Debug|Any CPU.ActiveCfg = Debug|Any CPU
		{1DF4D34B-2389-435E-BB04-F8C21235F985}.Debug|Any CPU.Build.0 = Debug|Any CPU
		{1DF4D34B-2389-435E-BB04-F8C21235F985}.Release|Any CPU.ActiveCfg = Release|Any CPU
		{1DF4D34B-2389-435E-BB04-F8C21235F985}.Release|Any CPU.Build.0 = Release|Any CPU
		{E3426F51-33A1-4DD8-B016-76788EAB52B4}.Debug|Any CPU.ActiveCfg = Debug|Any CPU
		{E3426F51-33A1-4DD8-B016-76788EAB52B4}.Debug|Any CPU.Build.0 = Debug|Any CPU
		{E3426F51-33A1-4DD8-B016-76788EAB52B4}.Release|Any CPU.ActiveCfg = Release|Any CPU
		{E3426F51-33A1-4DD8-B016-76788EAB52B4}.Release|Any CPU.Build.0 = Release|Any CPU
	EndGlobalSection
	GlobalSection(SolutionProperties) = preSolution
		HideSolutionNode = FALSE
	EndGlobalSection
	GlobalSection(NestedProjects) = preSolution
		{72740FED-F70B-4C38-B3AA-13D97984035A} = {5DB83572-6DDD-4B74-A338-4711FFF43E9F}
		{A49597DB-561D-46E6-A215-FF666A5A0FFF} = {5DB83572-6DDD-4B74-A338-4711FFF43E9F}
		{522919DA-AF76-4D76-B06B-5F9821931A19} = {5DB83572-6DDD-4B74-A338-4711FFF43E9F}
		{FFEEF48E-40B4-42EB-B6E5-988FCCA35921} = {5DB83572-6DDD-4B74-A338-4711FFF43E9F}
		{D8655188-91A8-4065-B02F-7461FD41A55A} = {FFEEF48E-40B4-42EB-B6E5-988FCCA35921}
		{91ECA2DB-FD0F-4D02-A252-E254A72D41B1} = {72740FED-F70B-4C38-B3AA-13D97984035A}
		{310C1152-0997-4CEF-9348-498C396BE9D3} = {72740FED-F70B-4C38-B3AA-13D97984035A}
		{1DF4D34B-2389-435E-BB04-F8C21235F985} = {72740FED-F70B-4C38-B3AA-13D97984035A}
		{E3426F51-33A1-4DD8-B016-76788EAB52B4} = {72740FED-F70B-4C38-B3AA-13D97984035A}
	EndGlobalSection
	GlobalSection(ExtensibilityGlobals) = postSolution
		SolutionGuid = {A91C9261-8774-4C8D-A9AB-7E5C97CD9804}
	EndGlobalSection
EndGlobal
