
Microsoft Visual Studio Solution File, Format Version 12.00
# Visual Studio Version 17
VisualStudioVersion = 17.3.32929.385
MinimumVisualStudioVersion = 10.0.40219.1
Project("{2150E333-8FDC-42A3-9474-1A3956D46DE8}") = "Services", "Services", "{5DB83572-6DDD-4B74-A338-4711FFF43E9F}"
EndProject
Project("{2150E333-8FDC-42A3-9474-1A3956D46DE8}") = "Aggregator", "Aggregator", "{72740FED-F70B-4C38-B3AA-13D97984035A}"
EndProject
Project("{9A19103F-16F7-4668-BE54-9A1E7A4F7556}") = "HardwareHero.Services.Shared", "Services\HardwareHero.Services.Shared\HardwareHero.Services.Shared.csproj", "{A49597DB-561D-46E6-A215-FF666A5A0FFF}"
EndProject
Project("{2150E333-8FDC-42A3-9474-1A3956D46DE8}") = "Contributor", "Contributor", "{522919DA-AF76-4D76-B06B-5F9821931A19}"
EndProject
Project("{2150E333-8FDC-42A3-9474-1A3956D46DE8}") = "Identity", "Identity", "{FFEEF48E-40B4-42EB-B6E5-988FCCA35921}"
EndProject
Project("{9A19103F-16F7-4668-BE54-9A1E7A4F7556}") = "Aggregator.DataAccess", "Services\Aggregator\Aggregator.DataAccess\Aggregator.DataAccess.csproj", "{310C1152-0997-4CEF-9348-498C396BE9D3}"
	ProjectSection(ProjectDependencies) = postProject
		{A49597DB-561D-46E6-A215-FF666A5A0FFF} = {A49597DB-561D-46E6-A215-FF666A5A0FFF}
	EndProjectSection
EndProject
Project("{9A19103F-16F7-4668-BE54-9A1E7A4F7556}") = "Aggregator.Api", "Services\Aggregator\Aggregator.Api\Aggregator.Api.csproj", "{1DF4D34B-2389-435E-BB04-F8C21235F985}"
EndProject
Project("{9A19103F-16F7-4668-BE54-9A1E7A4F7556}") = "Aggregator.BusinessLogic", "Services\Aggregator\Aggregator.BusinessLogic\Aggregator.BusinessLogic.csproj", "{E3426F51-33A1-4DD8-B016-76788EAB52B4}"
EndProject
Project("{9A19103F-16F7-4668-BE54-9A1E7A4F7556}") = "IdentityServer", "Services\Identity\IdentityServer\IdentityServer.csproj", "{39EA1E40-00BF-4081-B12A-2C686E2D8905}"
EndProject
Project("{9A19103F-16F7-4668-BE54-9A1E7A4F7556}") = "UserManagement.Api", "Services\Identity\UserManagement.Api\UserManagement.Api.csproj", "{83CBD5FD-8D4B-4C12-B99C-C5D6DEAB4A3F}"
EndProject
Project("{2150E333-8FDC-42A3-9474-1A3956D46DE8}") = "Tools", "Tools", "{336B16DD-804C-4240-95AD-1BC2569CC75E}"
EndProject
Project("{9A19103F-16F7-4668-BE54-9A1E7A4F7556}") = "ConsoleTestApp", "Tools\ConsoleTestApp\ConsoleTestApp.csproj", "{D590BB07-2830-436E-BD61-B84DF8ADD82C}"
EndProject
Project("{9A19103F-16F7-4668-BE54-9A1E7A4F7556}") = "Contributor.DataAccess", "Services\Contributor\Contributor.DataAccess\Contributor.DataAccess.csproj", "{A109A505-239C-4846-9A89-BC3FD8C0D441}"
EndProject
Project("{FAE04EC0-301F-11D3-BF4B-00C04F79EFBC}") = "Contributor.BusinessLogic", "Services\Contributor\Contributor.BusinessLogic\Contributor.BusinessLogic.csproj", "{50D65A8B-0E66-4288-8162-60F85E140B7C}"
EndProject
Project("{FAE04EC0-301F-11D3-BF4B-00C04F79EFBC}") = "Contributor.Api", "Services\Contributor\Contributor.Api\Contributor.Api.csproj", "{A51C98F0-32EF-4CF9-A13F-DE6587D8212A}"
EndProject
Project("{2150E333-8FDC-42A3-9474-1A3956D46DE8}") = "Configurator", "Configurator", "{B08E54FF-0414-4A92-8245-3308B534E0A7}"
EndProject
Project("{FAE04EC0-301F-11D3-BF4B-00C04F79EFBC}") = "Configurator.BusinessLogic", "Services\Configurator\Configurator.BusinessLogic\Configurator.BusinessLogic.csproj", "{2A198CFC-CD13-4CD2-BB31-558C086A60A3}"
EndProject
Project("{FAE04EC0-301F-11D3-BF4B-00C04F79EFBC}") = "Configurator.Api", "Services\Configurator\Configurator.Api\Configurator.Api.csproj", "{D66A8481-938D-44CD-8EAA-13B93CB23BF8}"
EndProject
Global
	GlobalSection(SolutionConfigurationPlatforms) = preSolution
		Debug|Any CPU = Debug|Any CPU
		Release|Any CPU = Release|Any CPU
	EndGlobalSection
	GlobalSection(ProjectConfigurationPlatforms) = postSolution
		{A49597DB-561D-46E6-A215-FF666A5A0FFF}.Debug|Any CPU.ActiveCfg = Debug|Any CPU
		{A49597DB-561D-46E6-A215-FF666A5A0FFF}.Debug|Any CPU.Build.0 = Debug|Any CPU
		{A49597DB-561D-46E6-A215-FF666A5A0FFF}.Release|Any CPU.ActiveCfg = Release|Any CPU
		{A49597DB-561D-46E6-A215-FF666A5A0FFF}.Release|Any CPU.Build.0 = Release|Any CPU
		{310C1152-0997-4CEF-9348-498C396BE9D3}.Debug|Any CPU.ActiveCfg = Debug|Any CPU
		{310C1152-0997-4CEF-9348-498C396BE9D3}.Debug|Any CPU.Build.0 = Debug|Any CPU
		{310C1152-0997-4CEF-9348-498C396BE9D3}.Release|Any CPU.ActiveCfg = Release|Any CPU
		{310C1152-0997-4CEF-9348-498C396BE9D3}.Release|Any CPU.Build.0 = Release|Any CPU
		{1DF4D34B-2389-435E-BB04-F8C21235F985}.Debug|Any CPU.ActiveCfg = Debug|Any CPU
		{1DF4D34B-2389-435E-BB04-F8C21235F985}.Debug|Any CPU.Build.0 = Debug|Any CPU
		{1DF4D34B-2389-435E-BB04-F8C21235F985}.Release|Any CPU.ActiveCfg = Release|Any CPU
		{1DF4D34B-2389-435E-BB04-F8C21235F985}.Release|Any CPU.Build.0 = Release|Any CPU
		{E3426F51-33A1-4DD8-B016-76788EAB52B4}.Debug|Any CPU.ActiveCfg = Debug|Any CPU
		{E3426F51-33A1-4DD8-B016-76788EAB52B4}.Debug|Any CPU.Build.0 = Debug|Any CPU
		{E3426F51-33A1-4DD8-B016-76788EAB52B4}.Release|Any CPU.ActiveCfg = Release|Any CPU
		{E3426F51-33A1-4DD8-B016-76788EAB52B4}.Release|Any CPU.Build.0 = Release|Any CPU
		{39EA1E40-00BF-4081-B12A-2C686E2D8905}.Debug|Any CPU.ActiveCfg = Debug|Any CPU
		{39EA1E40-00BF-4081-B12A-2C686E2D8905}.Debug|Any CPU.Build.0 = Debug|Any CPU
		{39EA1E40-00BF-4081-B12A-2C686E2D8905}.Release|Any CPU.ActiveCfg = Release|Any CPU
		{39EA1E40-00BF-4081-B12A-2C686E2D8905}.Release|Any CPU.Build.0 = Release|Any CPU
		{83CBD5FD-8D4B-4C12-B99C-C5D6DEAB4A3F}.Debug|Any CPU.ActiveCfg = Debug|Any CPU
		{83CBD5FD-8D4B-4C12-B99C-C5D6DEAB4A3F}.Debug|Any CPU.Build.0 = Debug|Any CPU
		{83CBD5FD-8D4B-4C12-B99C-C5D6DEAB4A3F}.Release|Any CPU.ActiveCfg = Release|Any CPU
		{83CBD5FD-8D4B-4C12-B99C-C5D6DEAB4A3F}.Release|Any CPU.Build.0 = Release|Any CPU
		{D590BB07-2830-436E-BD61-B84DF8ADD82C}.Debug|Any CPU.ActiveCfg = Debug|Any CPU
		{D590BB07-2830-436E-BD61-B84DF8ADD82C}.Debug|Any CPU.Build.0 = Debug|Any CPU
		{D590BB07-2830-436E-BD61-B84DF8ADD82C}.Release|Any CPU.ActiveCfg = Release|Any CPU
		{D590BB07-2830-436E-BD61-B84DF8ADD82C}.Release|Any CPU.Build.0 = Release|Any CPU
		{A109A505-239C-4846-9A89-BC3FD8C0D441}.Debug|Any CPU.ActiveCfg = Debug|Any CPU
		{A109A505-239C-4846-9A89-BC3FD8C0D441}.Debug|Any CPU.Build.0 = Debug|Any CPU
		{A109A505-239C-4846-9A89-BC3FD8C0D441}.Release|Any CPU.ActiveCfg = Release|Any CPU
		{A109A505-239C-4846-9A89-BC3FD8C0D441}.Release|Any CPU.Build.0 = Release|Any CPU
		{50D65A8B-0E66-4288-8162-60F85E140B7C}.Debug|Any CPU.ActiveCfg = Debug|Any CPU
		{50D65A8B-0E66-4288-8162-60F85E140B7C}.Debug|Any CPU.Build.0 = Debug|Any CPU
		{50D65A8B-0E66-4288-8162-60F85E140B7C}.Release|Any CPU.ActiveCfg = Release|Any CPU
		{50D65A8B-0E66-4288-8162-60F85E140B7C}.Release|Any CPU.Build.0 = Release|Any CPU
		{A51C98F0-32EF-4CF9-A13F-DE6587D8212A}.Debug|Any CPU.ActiveCfg = Debug|Any CPU
		{A51C98F0-32EF-4CF9-A13F-DE6587D8212A}.Debug|Any CPU.Build.0 = Debug|Any CPU
		{A51C98F0-32EF-4CF9-A13F-DE6587D8212A}.Release|Any CPU.ActiveCfg = Release|Any CPU
		{A51C98F0-32EF-4CF9-A13F-DE6587D8212A}.Release|Any CPU.Build.0 = Release|Any CPU
		{2A198CFC-CD13-4CD2-BB31-558C086A60A3}.Debug|Any CPU.ActiveCfg = Debug|Any CPU
		{2A198CFC-CD13-4CD2-BB31-558C086A60A3}.Debug|Any CPU.Build.0 = Debug|Any CPU
		{2A198CFC-CD13-4CD2-BB31-558C086A60A3}.Release|Any CPU.ActiveCfg = Release|Any CPU
		{2A198CFC-CD13-4CD2-BB31-558C086A60A3}.Release|Any CPU.Build.0 = Release|Any CPU
		{D66A8481-938D-44CD-8EAA-13B93CB23BF8}.Debug|Any CPU.ActiveCfg = Debug|Any CPU
		{D66A8481-938D-44CD-8EAA-13B93CB23BF8}.Debug|Any CPU.Build.0 = Debug|Any CPU
		{D66A8481-938D-44CD-8EAA-13B93CB23BF8}.Release|Any CPU.ActiveCfg = Release|Any CPU
		{D66A8481-938D-44CD-8EAA-13B93CB23BF8}.Release|Any CPU.Build.0 = Release|Any CPU
	EndGlobalSection
	GlobalSection(SolutionProperties) = preSolution
		HideSolutionNode = FALSE
	EndGlobalSection
	GlobalSection(NestedProjects) = preSolution
		{72740FED-F70B-4C38-B3AA-13D97984035A} = {5DB83572-6DDD-4B74-A338-4711FFF43E9F}
		{A49597DB-561D-46E6-A215-FF666A5A0FFF} = {5DB83572-6DDD-4B74-A338-4711FFF43E9F}
		{522919DA-AF76-4D76-B06B-5F9821931A19} = {5DB83572-6DDD-4B74-A338-4711FFF43E9F}
		{FFEEF48E-40B4-42EB-B6E5-988FCCA35921} = {5DB83572-6DDD-4B74-A338-4711FFF43E9F}
		{310C1152-0997-4CEF-9348-498C396BE9D3} = {72740FED-F70B-4C38-B3AA-13D97984035A}
		{1DF4D34B-2389-435E-BB04-F8C21235F985} = {72740FED-F70B-4C38-B3AA-13D97984035A}
		{E3426F51-33A1-4DD8-B016-76788EAB52B4} = {72740FED-F70B-4C38-B3AA-13D97984035A}
		{39EA1E40-00BF-4081-B12A-2C686E2D8905} = {FFEEF48E-40B4-42EB-B6E5-988FCCA35921}
		{83CBD5FD-8D4B-4C12-B99C-C5D6DEAB4A3F} = {FFEEF48E-40B4-42EB-B6E5-988FCCA35921}
		{D590BB07-2830-436E-BD61-B84DF8ADD82C} = {336B16DD-804C-4240-95AD-1BC2569CC75E}
		{A109A505-239C-4846-9A89-BC3FD8C0D441} = {522919DA-AF76-4D76-B06B-5F9821931A19}
		{50D65A8B-0E66-4288-8162-60F85E140B7C} = {522919DA-AF76-4D76-B06B-5F9821931A19}
		{A51C98F0-32EF-4CF9-A13F-DE6587D8212A} = {522919DA-AF76-4D76-B06B-5F9821931A19}
		{B08E54FF-0414-4A92-8245-3308B534E0A7} = {5DB83572-6DDD-4B74-A338-4711FFF43E9F}
		{2A198CFC-CD13-4CD2-BB31-558C086A60A3} = {B08E54FF-0414-4A92-8245-3308B534E0A7}
		{D66A8481-938D-44CD-8EAA-13B93CB23BF8} = {B08E54FF-0414-4A92-8245-3308B534E0A7}
	EndGlobalSection
	GlobalSection(ExtensibilityGlobals) = postSolution
		SolutionGuid = {A91C9261-8774-4C8D-A9AB-7E5C97CD9804}
	EndGlobalSection
EndGlobal
